
Microsoft Visual Studio Solution File, Format Version 12.00
# Visual Studio Version 16
VisualStudioVersion = 16.0.29215.179
MinimumVisualStudioVersion = 10.0.40219.1
Project("{9A19103F-16F7-4668-BE54-9A1E7A4F7556}") = "FreshBoard", "FreshBoard.csproj", "{303AA22F-03FC-4E6D-881F-A757DA2B5174}"
EndProject
Global
	GlobalSection(SolutionConfigurationPlatforms) = preSolution
		Debug|Any CPU = Debug|Any CPU
		Release|Any CPU = Release|Any CPU
	EndGlobalSection
	GlobalSection(ProjectConfigurationPlatforms) = postSolution
		{303AA22F-03FC-4E6D-881F-A757DA2B5174}.Debug|Any CPU.ActiveCfg = Debug|Any CPU
		{303AA22F-03FC-4E6D-881F-A757DA2B5174}.Debug|Any CPU.Build.0 = Debug|Any CPU
		{303AA22F-03FC-4E6D-881F-A757DA2B5174}.Release|Any CPU.ActiveCfg = Release|Any CPU
		{303AA22F-03FC-4E6D-881F-A757DA2B5174}.Release|Any CPU.Build.0 = Release|Any CPU
	EndGlobalSection
	GlobalSection(SolutionProperties) = preSolution
		HideSolutionNode = FALSE
	EndGlobalSection
	GlobalSection(ExtensibilityGlobals) = postSolution
		SolutionGuid = {EC0E5C13-FB43-4B4A-8841-163F1C4A46E8}
	EndGlobalSection
EndGlobal
